
Microsoft Visual Studio Solution File, Format Version 12.00
# Visual Studio 15
VisualStudioVersion = 15.0.27004.2006
MinimumVisualStudioVersion = 10.0.40219.1
Project("{9A19103F-16F7-4668-BE54-9A1E7A4F7556}") = "octolifecycle", "octolifecycle.csproj", "{353A5A63-995E-493D-AE28-E21A94CF1358}"
EndProject
Global
	GlobalSection(SolutionConfigurationPlatforms) = preSolution
		Debug|Any CPU = Debug|Any CPU
		Release|Any CPU = Release|Any CPU
	EndGlobalSection
	GlobalSection(ProjectConfigurationPlatforms) = postSolution
		{353A5A63-995E-493D-AE28-E21A94CF1358}.Debug|Any CPU.ActiveCfg = Debug|Any CPU
		{353A5A63-995E-493D-AE28-E21A94CF1358}.Debug|Any CPU.Build.0 = Debug|Any CPU
		{353A5A63-995E-493D-AE28-E21A94CF1358}.Release|Any CPU.ActiveCfg = Release|Any CPU
		{353A5A63-995E-493D-AE28-E21A94CF1358}.Release|Any CPU.Build.0 = Release|Any CPU
	EndGlobalSection
	GlobalSection(SolutionProperties) = preSolution
		HideSolutionNode = FALSE
	EndGlobalSection
	GlobalSection(ExtensibilityGlobals) = postSolution
		SolutionGuid = {FBDB6F73-D609-4F4C-A1E0-0434D4FA7E51}
	EndGlobalSection
EndGlobal
